
Microsoft Visual Studio Solution File, Format Version 12.00
# Visual Studio Version 17
VisualStudioVersion = 17.5.33424.131
MinimumVisualStudioVersion = 10.0.40219.1
Project("{2150E333-8FDC-42A3-9474-1A3956D46DE8}") = "src", "src", "{6E88E6BE-36E5-43CB-BC9D-5D9F3FF9B11E}"
EndProject
Project("{2150E333-8FDC-42A3-9474-1A3956D46DE8}") = "Application", "Application", "{429DDAF2-D23F-4D93-B8F5-2D3470E656AF}"
EndProject
Project("{2150E333-8FDC-42A3-9474-1A3956D46DE8}") = "Services", "Services", "{D69D48C3-927B-47EA-82D0-90BD8A5837AC}"
EndProject
Project("{2150E333-8FDC-42A3-9474-1A3956D46DE8}") = "Domain", "Domain", "{B626910F-2709-4D95-B8EF-4F4BE705777A}"
EndProject
Project("{2150E333-8FDC-42A3-9474-1A3956D46DE8}") = "Infra.Data", "Infra.Data", "{42BDD278-8A63-4894-AC6A-3EB74F5100F8}"
EndProject
Project("{FAE04EC0-301F-11D3-BF4B-00C04F79EFBC}") = "DevDayAPI", "DevDayAPI\DevDayAPI.csproj", "{E8F3AE2E-6A8D-45B8-A3EE-4C2F33ACD448}"
EndProject
Project("{FAE04EC0-301F-11D3-BF4B-00C04F79EFBC}") = "DevDay23.Domain", "DevDay23.Domian\DevDay23.Domain.csproj", "{16105FA5-9DD9-4CA8-BD57-E95E8CD87530}"
EndProject
Project("{FAE04EC0-301F-11D3-BF4B-00C04F79EFBC}") = "DevDay23.Data", "DevDay23.Data\DevDay23.Data.csproj", "{6B5B06F1-134B-46C4-8153-54041EB1CA97}"
EndProject
Global
	GlobalSection(SolutionConfigurationPlatforms) = preSolution
		Debug|Any CPU = Debug|Any CPU
		Release|Any CPU = Release|Any CPU
	EndGlobalSection
	GlobalSection(ProjectConfigurationPlatforms) = postSolution
		{E8F3AE2E-6A8D-45B8-A3EE-4C2F33ACD448}.Debug|Any CPU.ActiveCfg = Debug|Any CPU
		{E8F3AE2E-6A8D-45B8-A3EE-4C2F33ACD448}.Debug|Any CPU.Build.0 = Debug|Any CPU
		{E8F3AE2E-6A8D-45B8-A3EE-4C2F33ACD448}.Release|Any CPU.ActiveCfg = Release|Any CPU
		{E8F3AE2E-6A8D-45B8-A3EE-4C2F33ACD448}.Release|Any CPU.Build.0 = Release|Any CPU
		{16105FA5-9DD9-4CA8-BD57-E95E8CD87530}.Debug|Any CPU.ActiveCfg = Debug|Any CPU
		{16105FA5-9DD9-4CA8-BD57-E95E8CD87530}.Debug|Any CPU.Build.0 = Debug|Any CPU
		{16105FA5-9DD9-4CA8-BD57-E95E8CD87530}.Release|Any CPU.ActiveCfg = Release|Any CPU
		{16105FA5-9DD9-4CA8-BD57-E95E8CD87530}.Release|Any CPU.Build.0 = Release|Any CPU
		{6B5B06F1-134B-46C4-8153-54041EB1CA97}.Debug|Any CPU.ActiveCfg = Debug|Any CPU
		{6B5B06F1-134B-46C4-8153-54041EB1CA97}.Debug|Any CPU.Build.0 = Debug|Any CPU
		{6B5B06F1-134B-46C4-8153-54041EB1CA97}.Release|Any CPU.ActiveCfg = Release|Any CPU
		{6B5B06F1-134B-46C4-8153-54041EB1CA97}.Release|Any CPU.Build.0 = Release|Any CPU
	EndGlobalSection
	GlobalSection(SolutionProperties) = preSolution
		HideSolutionNode = FALSE
	EndGlobalSection
	GlobalSection(NestedProjects) = preSolution
		{429DDAF2-D23F-4D93-B8F5-2D3470E656AF} = {6E88E6BE-36E5-43CB-BC9D-5D9F3FF9B11E}
		{D69D48C3-927B-47EA-82D0-90BD8A5837AC} = {6E88E6BE-36E5-43CB-BC9D-5D9F3FF9B11E}
		{B626910F-2709-4D95-B8EF-4F4BE705777A} = {6E88E6BE-36E5-43CB-BC9D-5D9F3FF9B11E}
		{42BDD278-8A63-4894-AC6A-3EB74F5100F8} = {6E88E6BE-36E5-43CB-BC9D-5D9F3FF9B11E}
		{E8F3AE2E-6A8D-45B8-A3EE-4C2F33ACD448} = {429DDAF2-D23F-4D93-B8F5-2D3470E656AF}
		{16105FA5-9DD9-4CA8-BD57-E95E8CD87530} = {B626910F-2709-4D95-B8EF-4F4BE705777A}
		{6B5B06F1-134B-46C4-8153-54041EB1CA97} = {42BDD278-8A63-4894-AC6A-3EB74F5100F8}
	EndGlobalSection
	GlobalSection(ExtensibilityGlobals) = postSolution
		SolutionGuid = {A50EFE1C-FBE3-4A7A-839D-5260623A198F}
	EndGlobalSection
EndGlobal
